
Microsoft Visual Studio Solution File, Format Version 12.00
# Visual Studio Version 16
VisualStudioVersion = 16.0.29509.3
MinimumVisualStudioVersion = 10.0.40219.1
Project("{9A19103F-16F7-4668-BE54-9A1E7A4F7556}") = "DAL", "DAL\DAL.csproj", "{363F4ABB-A551-4E01-BA5F-299212B96977}"
EndProject
Project("{9A19103F-16F7-4668-BE54-9A1E7A4F7556}") = "Web", "Web\Web.csproj", "{2507E736-56E4-4545-8DE1-43AAC8970DD8}"
EndProject
Project("{FAE04EC0-301F-11D3-BF4B-00C04F79EFBC}") = "Functions", "Functions\Functions.csproj", "{13C43350-F70A-4930-95C1-7F8C05EF1A96}"
EndProject
Global
	GlobalSection(SolutionConfigurationPlatforms) = preSolution
		Debug|Any CPU = Debug|Any CPU
		Release|Any CPU = Release|Any CPU
	EndGlobalSection
	GlobalSection(ProjectConfigurationPlatforms) = postSolution
		{363F4ABB-A551-4E01-BA5F-299212B96977}.Debug|Any CPU.ActiveCfg = Debug|Any CPU
		{363F4ABB-A551-4E01-BA5F-299212B96977}.Debug|Any CPU.Build.0 = Debug|Any CPU
		{363F4ABB-A551-4E01-BA5F-299212B96977}.Release|Any CPU.ActiveCfg = Release|Any CPU
		{363F4ABB-A551-4E01-BA5F-299212B96977}.Release|Any CPU.Build.0 = Release|Any CPU
		{2507E736-56E4-4545-8DE1-43AAC8970DD8}.Debug|Any CPU.ActiveCfg = Debug|Any CPU
		{2507E736-56E4-4545-8DE1-43AAC8970DD8}.Debug|Any CPU.Build.0 = Debug|Any CPU
		{2507E736-56E4-4545-8DE1-43AAC8970DD8}.Release|Any CPU.ActiveCfg = Release|Any CPU
		{2507E736-56E4-4545-8DE1-43AAC8970DD8}.Release|Any CPU.Build.0 = Release|Any CPU
		{13C43350-F70A-4930-95C1-7F8C05EF1A96}.Debug|Any CPU.ActiveCfg = Debug|Any CPU
		{13C43350-F70A-4930-95C1-7F8C05EF1A96}.Debug|Any CPU.Build.0 = Debug|Any CPU
		{13C43350-F70A-4930-95C1-7F8C05EF1A96}.Release|Any CPU.ActiveCfg = Release|Any CPU
		{13C43350-F70A-4930-95C1-7F8C05EF1A96}.Release|Any CPU.Build.0 = Release|Any CPU
	EndGlobalSection
	GlobalSection(SolutionProperties) = preSolution
		HideSolutionNode = FALSE
	EndGlobalSection
	GlobalSection(ExtensibilityGlobals) = postSolution
		SolutionGuid = {DCFEA35D-587D-4162-A285-82698E213D55}
	EndGlobalSection
EndGlobal
